
Microsoft Visual Studio Solution File, Format Version 12.00
# Visual Studio Version 16
VisualStudioVersion = 16.0.29911.84
MinimumVisualStudioVersion = 10.0.40219.1
Project("{FAE04EC0-301F-11D3-BF4B-00C04F79EFBC}") = "GestorBD", "GestorBD.csproj", "{78C37F49-3778-4485-8DB3-A9DFB6E23F3D}"
EndProject
Global
	GlobalSection(SolutionConfigurationPlatforms) = preSolution
		Debug|Any CPU = Debug|Any CPU
		Release|Any CPU = Release|Any CPU
	EndGlobalSection
	GlobalSection(ProjectConfigurationPlatforms) = postSolution
		{78C37F49-3778-4485-8DB3-A9DFB6E23F3D}.Debug|Any CPU.ActiveCfg = Debug|Any CPU
		{78C37F49-3778-4485-8DB3-A9DFB6E23F3D}.Debug|Any CPU.Build.0 = Debug|Any CPU
		{78C37F49-3778-4485-8DB3-A9DFB6E23F3D}.Release|Any CPU.ActiveCfg = Release|Any CPU
		{78C37F49-3778-4485-8DB3-A9DFB6E23F3D}.Release|Any CPU.Build.0 = Release|Any CPU
	EndGlobalSection
	GlobalSection(SolutionProperties) = preSolution
		HideSolutionNode = FALSE
	EndGlobalSection
	GlobalSection(ExtensibilityGlobals) = postSolution
		SolutionGuid = {E6B3F30D-4155-4284-989F-B7E0891FD1C1}
	EndGlobalSection
EndGlobal
